Microsoft Visual Studio Solution File, Format Version 12.00
# Visual Studio Version 17
VisualStudioVersion = 17.5.2.0
MinimumVisualStudioVersion = 10.0.40219.1
Project("{FAE04EC0-301F-11D3-BF4B-00C04F79EFBC}") = "HardwareMonitorWinUI3", "HardwareMonitorWinUI3.csproj", "{DB992F67-22E7-8D9C-487F-55A62B5B3BFB}"
EndProject
Project("{FAE04EC0-301F-11D3-BF4B-00C04F79EFBC}") = "HardwareMonitorWinUI3.Tests", "HardwareMonitorWinUI3.Tests\HardwareMonitorWinUI3.Tests.csproj", "{5BC9837E-5C12-4D98-B466-4E07D38A7456}"
EndProject
Global
	GlobalSection(SolutionConfigurationPlatforms) = preSolution
		Debug|Any CPU = Debug|Any CPU
		Release|Any CPU = Release|Any CPU
	EndGlobalSection
	GlobalSection(ProjectConfigurationPlatforms) = postSolution
		{DB992F67-22E7-8D9C-487F-55A62B5B3BFB}.Debug|Any CPU.ActiveCfg = Debug|Any CPU
		{DB992F67-22E7-8D9C-487F-55A62B5B3BFB}.Debug|Any CPU.Build.0 = Debug|Any CPU
		{DB992F67-22E7-8D9C-487F-55A62B5B3BFB}.Release|Any CPU.ActiveCfg = Release|Any CPU
		{DB992F67-22E7-8D9C-487F-55A62B5B3BFB}.Release|Any CPU.Build.0 = Release|Any CPU
		{5BC9837E-5C12-4D98-B466-4E07D38A7456}.Debug|Any CPU.ActiveCfg = Debug|Any CPU
		{5BC9837E-5C12-4D98-B466-4E07D38A7456}.Debug|Any CPU.Build.0 = Debug|Any CPU
		{5BC9837E-5C12-4D98-B466-4E07D38A7456}.Release|Any CPU.ActiveCfg = Release|Any CPU
		{5BC9837E-5C12-4D98-B466-4E07D38A7456}.Release|Any CPU.Build.0 = Release|Any CPU
	EndGlobalSection
	GlobalSection(SolutionProperties) = preSolution
		HideSolutionNode = FALSE
	EndGlobalSection
	GlobalSection(ExtensibilityGlobals) = postSolution
		SolutionGuid = {A1471546-4ED7-412C-B724-AECC5874E763}
	EndGlobalSection
EndGlobal
